# THIS IS AN AUTOGENERATED FILE. DO NOT EDIT THIS FILE DIRECTLY.
# yarn lockfile v1


"@babel/runtime@^7.0.0", "@babel/runtime@^7.12.1", "@babel/runtime@^7.3.1":
  version "7.12.5"
  resolved "https://registry.yarnpkg.com/@babel/runtime/-/runtime-7.12.5.tgz#410e7e487441e1b360c29be715d870d9b985882e"
  integrity sha512-plcc+hbExy3McchJCEQG3knOsuh3HH+Prx1P6cLIkET/0dLuQDEnrT+s27Axgc9bqfsmNUNHfscgMUdBpC9xfg==
  dependencies:
    regenerator-runtime "^0.13.4"

"@deck.gl/aggregation-layers@8.3.11":
  version "8.3.11"
  resolved "https://registry.yarnpkg.com/@deck.gl/aggregation-layers/-/aggregation-layers-8.3.11.tgz#396a5ff1038bba1d29292aaaeb719a5665225d8a"
  integrity sha512-pW42S1pc8Rd2Zvfj+aH/BYRiYFLz9M7CafVLGh+ximJzoS8FOmk/ONjrjlR+h/bKq/Lu5q1ueZqVGiDtW5A2SA==
  dependencies:
    "@luma.gl/shadertools" "^8.3.1"
    "@math.gl/web-mercator" "^3.3.0"
    d3-hexbin "^0.2.1"

"@deck.gl/carto@8.3.11":
  version "8.3.11"
  resolved "https://registry.yarnpkg.com/@deck.gl/carto/-/carto-8.3.11.tgz#c124a5f919f69c6bd44d97c7cef9b843ef2df0d8"
  integrity sha512-VGCsFBGTcLO1nVEXe/bS4yQZcT1FuVT7DRvdA5izf9ie0t8cbOZBqtu3G/ox98AR9UVtS26dD+7jZa51jGWqtA==
  dependencies:
    "@loaders.gl/loader-utils" "^2.3.0"
    "@loaders.gl/mvt" "^2.3.0"
    "@loaders.gl/tiles" "^2.3.0"
    "@math.gl/web-mercator" "^3.3.0"

"@deck.gl/core@8.3.11":
  version "8.3.11"
  resolved "https://registry.yarnpkg.com/@deck.gl/core/-/core-8.3.11.tgz#bc8b60ca3e2299901b38da4db8377fdd1ff84397"
  integrity sha512-iNye73OKAJBS9lLsZVOeMisalUulYLn+Lf8Kv0B5Bu72GwoWMJPIQnu/YTdhQAa273jIkEAIJQ69ntaYxC5vGQ==
  dependencies:
    "@loaders.gl/core" "^2.3.0"
    "@loaders.gl/images" "^2.3.0"
    "@luma.gl/core" "^8.3.1"
    "@math.gl/web-mercator" "^3.3.0"
    gl-matrix "^3.0.0"
    math.gl "^3.3.0"
    mjolnir.js "^2.3.0"
    probe.gl "^3.2.1"

"@deck.gl/extensions@8.3.11":
  version "8.3.11"
  resolved "https://registry.yarnpkg.com/@deck.gl/extensions/-/extensions-8.3.11.tgz#3dfa510ea3dd6633c03c2d1cb94f895310f29c3a"
  integrity sha512-5dKFVmyhFB3JJxgniivFX7CkRaxafMPw3OKuooeEzYOtIKT7YfrYgHm9UeFIWebk3Q1OKMVKeZyO+Sxvtmcsag==
  dependencies:
    "@luma.gl/shadertools" "^8.3.1"

"@deck.gl/geo-layers@8.3.11":
  version "8.3.11"
  resolved "https://registry.yarnpkg.com/@deck.gl/geo-layers/-/geo-layers-8.3.11.tgz#6be5d271f8c1e6a513e305fbf24350ddea400ac4"
  integrity sha512-iq9GyR26ut1pey3jVDRDoMbEMBg1bbDMDS+3ImVodtLbt+fFr4UiD6Dtqmmuxmkxo7XoS6cGj73P6QRS3MHNbw==
  dependencies:
    "@loaders.gl/3d-tiles" "^2.3.0"
    "@loaders.gl/loader-utils" "^2.3.0"
    "@loaders.gl/mvt" "^2.3.0"
    "@loaders.gl/terrain" "^2.3.0"
    "@loaders.gl/tiles" "^2.3.0"
    "@math.gl/culling" "^3.3.0"
    "@math.gl/web-mercator" "^3.3.0"
    h3-js "^3.6.0"
    long "^3.2.0"
    math.gl "^3.3.0"

"@deck.gl/google-maps@8.3.11":
  version "8.3.11"
  resolved "https://registry.yarnpkg.com/@deck.gl/google-maps/-/google-maps-8.3.11.tgz#3c08ca84cd83d571eb3443e1be7420973266686f"
  integrity sha512-EIZiKpBIWxjiQ1MafbUF8I9Sv4d6HYXlBUi31h2f263ksIn3e8xDd3D5Bm2okvJY1NAZHgplBMiS2x3YC9jObg==

"@deck.gl/json@8.3.11":
  version "8.3.11"
  resolved "https://registry.yarnpkg.com/@deck.gl/json/-/json-8.3.11.tgz#af11bc5e11418794a524e07e8b24cfec05c7c271"
  integrity sha512-mULArSyXMF9xCzsKgtOSQ9fFmz6kNQeCkYYmGCOvxHXQw3SiS/reVBgjhBFacW2CTO3IF3mqrC10b9ua88qiQw==
  dependencies:
    d3-dsv "^1.0.8"
    expression-eval "^2.0.0"

"@deck.gl/layers@8.3.11":
  version "8.3.11"
  resolved "https://registry.yarnpkg.com/@deck.gl/layers/-/layers-8.3.11.tgz#fb1213132d8cda9e07b6f10f8feb158cb32f8d06"
  integrity sha512-sEXUt237SCgrd/2h0PSbrIGnXoJ8RhB6ZPk/+i0331v7dXWtdZVS4HZNGUw8todnqmDzXEW6f6aU0b83ZrYdUw==
  dependencies:
    "@loaders.gl/images" "^2.3.0"
    "@mapbox/tiny-sdf" "^1.1.0"
    "@math.gl/polygon" "^3.3.0"
    earcut "^2.0.6"

"@deck.gl/mapbox@8.3.11":
  version "8.3.11"
  resolved "https://registry.yarnpkg.com/@deck.gl/mapbox/-/mapbox-8.3.11.tgz#4e74ea29f6de714549b60cf4fb1afd7e47f4f47f"
  integrity sha512-YpuBzVr9+mSzlkPzCmuqAyd6HAgCM3F0pMEqnQUxyIJXQLEs9rKm2+IKEzdOYX48GpyrlIG+8LRzGsbWCvqlJA==

"@deck.gl/mesh-layers@8.3.11":
  version "8.3.11"
  resolved "https://registry.yarnpkg.com/@deck.gl/mesh-layers/-/mesh-layers-8.3.11.tgz#15f6c7f85157beebcf13d0e69d345895ff46a698"
  integrity sha512-a8HRDay45OLuFMgnJnVb8MaxPmXMskpBuz2SrF4mBYeMOc/rJgHHy35NekRIHrSNDIn/vNvDGBHYPibfgzkMPQ==
  dependencies:
    "@luma.gl/experimental" "^8.3.1"
    "@luma.gl/shadertools" "^8.3.1"

"@deck.gl/react@8.3.11":
  version "8.3.11"
  resolved "https://registry.yarnpkg.com/@deck.gl/react/-/react-8.3.11.tgz#c4db73e7b61640430488bc83f42055242d498948"
  integrity sha512-+PLDINk+plDfkz9mnzFFbbOZfiVFI3Ra8E9Twr+u34fe72r/1yrZYJSyzb+XQN1M831xs4ygqPEBSl5A8JCxgQ==
  dependencies:
    prop-types "^15.6.0"

"@loaders.gl/3d-tiles@^2.3.0":
  version "2.3.7"
  resolved "https://registry.yarnpkg.com/@loaders.gl/3d-tiles/-/3d-tiles-2.3.7.tgz#9ad4283bd3cd07119a5f82110455b1095fe2032d"
  integrity sha512-Dw+bjkO4BUEcJUXB7iAlh2RzaDWjDFTvqiUW+WPT+2WSUjD8EAVZ1WIo/cQFK5DgulLRO09dYlRTPlo6WuNpfQ==
  dependencies:
    "@loaders.gl/core" "2.3.7"
    "@loaders.gl/draco" "2.3.7"
    "@loaders.gl/gltf" "2.3.7"
    "@loaders.gl/loader-utils" "2.3.7"
    "@loaders.gl/math" "2.3.7"
    "@loaders.gl/tiles" "2.3.7"
    "@math.gl/core" "^3.3.0"
    "@math.gl/geospatial" "^3.3.0"
    "@probe.gl/stats" "^3.3.0"

"@loaders.gl/core@2.3.7", "@loaders.gl/core@^2.3.0":
  version "2.3.7"
  resolved "https://registry.yarnpkg.com/@loaders.gl/core/-/core-2.3.7.tgz#1671dd4e924c6d033218d09b45b6a937dec57408"
  integrity sha512-jFKhN2+7JwyoIRzJ0YtWHqjhFtVRum7HVqFqVcz8I8NosB5LEdswnnpGVxTtM5XLIaixdGzfH8i8jq37Kpg0Ag==
  dependencies:
    "@babel/runtime" "^7.3.1"
    "@loaders.gl/loader-utils" "2.3.7"

"@loaders.gl/draco@2.3.7":
  version "2.3.7"
  resolved "https://registry.yarnpkg.com/@loaders.gl/draco/-/draco-2.3.7.tgz#d0928b2ee9e46a8ea54922400118a38e714218cd"
  integrity sha512-sY0Kbfm6k6BuzMeMJZLYh/c/FKqZ7T3OU/gDsK5s+OPoKYgu64qnBWhRs1Yx3acOfRNVR7iGE2x5q2MBpu1F/g==
  dependencies:
    "@babel/runtime" "^7.3.1"
    "@loaders.gl/loader-utils" "2.3.7"
    draco3d "^1.3.6"

"@loaders.gl/gis@2.3.7":
  version "2.3.7"
  resolved "https://registry.yarnpkg.com/@loaders.gl/gis/-/gis-2.3.7.tgz#4767e4517c4f5913c9b1eb6a7b64f2df146b5e3a"
  integrity sha512-zQAWKedBBJECK2+TokMfu7rV//Kv9nGNCYwulu+221bP1XmJz9SgdsWMj3RuSALVPet/ia/RV3Mdg4p324SKUA==
  dependencies:
    "@loaders.gl/loader-utils" "2.3.7"
    "@mapbox/vector-tile" "^1.3.1"
    pbf "^3.2.1"

"@loaders.gl/gltf@2.3.7":
  version "2.3.7"
  resolved "https://registry.yarnpkg.com/@loaders.gl/gltf/-/gltf-2.3.7.tgz#29fc7dcf513698478fbbaa01fcc7fefc6bca3698"
  integrity sha512-M/4Fwht+/GWKG8YM74YFo7e+6MJdmHKGbl7kqerjSKHBOGAU16VUTTIgtPNzTyFFNwmJz/umZ5gfvz7fTC/+2g==
  dependencies:
    "@loaders.gl/core" "2.3.7"
    "@loaders.gl/draco" "2.3.7"
    "@loaders.gl/images" "2.3.7"
    "@loaders.gl/loader-utils" "2.3.7"

"@loaders.gl/images@2.3.7", "@loaders.gl/images@^2.3.0":
  version "2.3.7"
  resolved "https://registry.yarnpkg.com/@loaders.gl/images/-/images-2.3.7.tgz#8f694a9f43e1b2400d3da48b99809e01bfebd59f"
  integrity sha512-JMLXyjUEZz6MuCmeQtXYfiH6+SOkvUZ2uS36HaYl7aPshq3pIRJd8EBu9FuB3ObK8V7E3zqZKbtoQW9lAASWPg==
  dependencies:
    "@loaders.gl/loader-utils" "2.3.7"

"@loaders.gl/loader-utils@2.3.7", "@loaders.gl/loader-utils@^2.3.0":
  version "2.3.7"
  resolved "https://registry.yarnpkg.com/@loaders.gl/loader-utils/-/loader-utils-2.3.7.tgz#800d5f31a32a85d7400f3c2e8774484186fa0796"
  integrity sha512-PYjlt7UmUNqAb/F/52Om/hJt6yEZdIH6ucH+145kEKBTqVR45z5K1/3DrNjQg0Ofo9yUMbVGdtACT4mVlbBrzg==
  dependencies:
    "@babel/runtime" "^7.3.1"
    "@probe.gl/stats" "^3.3.0"

"@loaders.gl/math@2.3.7":
  version "2.3.7"
  resolved "https://registry.yarnpkg.com/@loaders.gl/math/-/math-2.3.7.tgz#5ed9060eddb5c307b43f052330acc7e62ed42aa9"
  integrity sha512-R1DoMgiDqzkGJb9QYA9vr9N2WksWC5TOGbIWeo8YZ6xhOrkoGEdAflEXPQkKIxoG8UBOdLmchRYbsLOblx8Rog==
  dependencies:
    "@loaders.gl/images" "2.3.7"
    "@loaders.gl/loader-utils" "2.3.7"
    "@math.gl/core" "^3.3.0"

"@loaders.gl/mvt@^2.3.0":
  version "2.3.7"
  resolved "https://registry.yarnpkg.com/@loaders.gl/mvt/-/mvt-2.3.7.tgz#044e4988bf4a01314fe30c8f761932680e79d8d7"
  integrity sha512-LiaRODNHHhx9OeVRHzFp7rayQJx3y6MhLwuGUhj1VJA8wzlC5c/s/SuHTHL331zUj6QiBMtHXOYXYYn/hx1ShA==
  dependencies:
    "@loaders.gl/gis" "2.3.7"
    "@loaders.gl/loader-utils" "2.3.7"
    "@mapbox/point-geometry" "~0.1.0"
    "@mapbox/vector-tile" "^1.3.1"
    pbf "^3.2.1"

"@loaders.gl/terrain@^2.3.0":
  version "2.3.7"
  resolved "https://registry.yarnpkg.com/@loaders.gl/terrain/-/terrain-2.3.7.tgz#c54757cab9febd0e770ef7aa59efef0dd1f906cf"
  integrity sha512-CNHVeJjMeADPXhyImXIZ0Wmn07ZvqIB+CfPQI419fvZj7gQQ8G/Nmv8B85rU4vYO5xaFtosBhaiHQMqBO34klQ==
  dependencies:
    "@babel/runtime" "^7.3.1"
    "@loaders.gl/loader-utils" "2.3.7"
    "@mapbox/martini" "^0.2.0"

"@loaders.gl/tiles@2.3.7", "@loaders.gl/tiles@^2.3.0":
  version "2.3.7"
  resolved "https://registry.yarnpkg.com/@loaders.gl/tiles/-/tiles-2.3.7.tgz#a87e920d1389cf2e18b82014605b6c11c28565ed"
  integrity sha512-k+lXRIa2FerwE4cJmYFqKqtSNQtlr0Q/p7qOoyAGdhYk5sWy33ZYrpbvVn+aVZOCTaBNLnm7sivq0sMZpjB9ig==
  dependencies:
    "@loaders.gl/core" "2.3.7"
    "@loaders.gl/loader-utils" "2.3.7"
    "@loaders.gl/math" "2.3.7"
    "@math.gl/core" "^3.3.0"
    "@math.gl/culling" "^3.3.0"
    "@math.gl/geospatial" "^3.3.0"
    "@math.gl/web-mercator" "^3.3.0"
    "@probe.gl/stats" "^3.3.0"

"@luma.gl/constants@8.3.2":
  version "8.3.2"
  resolved "https://registry.yarnpkg.com/@luma.gl/constants/-/constants-8.3.2.tgz#71310972f2909f4cc83a3da7ee8cba61a1bbbad6"
  integrity sha512-KSNNXv5eE9bkMH2AcZpLysqNEU0SDDZ8JthjHtkdVyOSr4yMeAaRXyWeSuLJITiemXkm4Um8jX6Ub12OW9JPug==

"@luma.gl/core@^8.3.1":
  version "8.3.2"
  resolved "https://registry.yarnpkg.com/@luma.gl/core/-/core-8.3.2.tgz#35af0de84b077cbd27e08ecbf233ffa3313a5585"
  integrity sha512-VNFAI0o54+e5biugtz19p2Mapv2xFTZ3qqtWE4xwqst4K/HqvWhoBcWsS5NYlzD6ipsUWTlaidA4ROkbFJINMw==
  dependencies:
    "@babel/runtime" "^7.0.0"
    "@luma.gl/constants" "8.3.2"
    "@luma.gl/engine" "8.3.2"
    "@luma.gl/shadertools" "8.3.2"
    "@luma.gl/webgl" "8.3.2"

"@luma.gl/engine@8.3.2":
  version "8.3.2"
  resolved "https://registry.yarnpkg.com/@luma.gl/engine/-/engine-8.3.2.tgz#c7925714e586ddb3cd92f95f74d38874e63d0a87"
  integrity sha512-9msfc/7HemWrCyIbBH9FA3LgOeaPhuit9e+YcEw3UCAo+6AY/+V1EAawne1Lvd4lXgNQb3L8L5yAP60Qr8rGxA==
  dependencies:
    "@babel/runtime" "^7.0.0"
    "@luma.gl/constants" "8.3.2"
    "@luma.gl/gltools" "8.3.2"
    "@luma.gl/shadertools" "8.3.2"
    "@luma.gl/webgl" "8.3.2"
    math.gl "^3.3.0"
    probe.gl "^3.2.1"

"@luma.gl/experimental@^8.3.1":
  version "8.3.2"
  resolved "https://registry.yarnpkg.com/@luma.gl/experimental/-/experimental-8.3.2.tgz#2001ed3d9a37906fbe7dcda83a1bea3a824f172b"
  integrity sha512-X0Qv7KUNT311ec6/TQzv4LXvcLpsF62+CurjBQ/vXmpHAhWU7Ufx2Vhab43rrkHvoUXnSmQL62I8HBDtaTL/fw==
  dependencies:
    "@luma.gl/constants" "8.3.2"
    earcut "^2.0.6"
    math.gl "^3.3.0"

"@luma.gl/gltools@8.3.2":
  version "8.3.2"
  resolved "https://registry.yarnpkg.com/@luma.gl/gltools/-/gltools-8.3.2.tgz#186c38006025a1467094b8167a8c5b123b4875f1"
  integrity sha512-JGsVdFkr9o74nn1D8vf9huW1hcZiGNAhOtA2jAv9GG4oHPIKLRN8p95QroYMFYl/DcfAxXNR+Mq7hPiTtDiw9w==
  dependencies:
    "@babel/runtime" "^7.0.0"
    "@luma.gl/constants" "8.3.2"
    probe.gl "^3.2.1"

"@luma.gl/shadertools@8.3.2", "@luma.gl/shadertools@^8.3.1":
  version "8.3.2"
  resolved "https://registry.yarnpkg.com/@luma.gl/shadertools/-/shadertools-8.3.2.tgz#199661058de44b5554b1efcd133147293c123591"
  integrity sha512-XEAPtEyfcrL9qNdv/xUxxFRmxYwx+LEJMyJ0rUGEZL17a1JMUsyW1B+5EnoNPQEMY4mL1vpa83qHPHX5gYw1FA==
  dependencies:
    "@babel/runtime" "^7.0.0"
    math.gl "^3.3.0"

"@luma.gl/webgl@8.3.2":
  version "8.3.2"
  resolved "https://registry.yarnpkg.com/@luma.gl/webgl/-/webgl-8.3.2.tgz#9a112272edaa2624d60f226516fc79b095a23159"
  integrity sha512-mO3/DCCs/VlQbjFbqGE6FlGX/qU6pdMtS26JBCAV30dR40LO41uWWEz9HniDv92QPDPb+ZNCa5/yYbtLpZnADw==
  dependencies:
    "@babel/runtime" "^7.0.0"
    "@luma.gl/constants" "8.3.2"
    "@luma.gl/gltools" "8.3.2"
    probe.gl "^3.2.1"

"@mapbox/geojson-rewind@^0.5.0":
  version "0.5.0"
  resolved "https://registry.yarnpkg.com/@mapbox/geojson-rewind/-/geojson-rewind-0.5.0.tgz#91f0ad56008c120caa19414b644d741249f4f560"
  integrity sha512-73l/qJQgj/T/zO1JXVfuVvvKDgikD/7D/rHAD28S9BG1OTstgmftrmqfCx4U+zQAmtsB6HcDA3a7ymdnJZAQgg==
  dependencies:
    concat-stream "~2.0.0"
    minimist "^1.2.5"

"@mapbox/geojson-types@^1.0.2":
  version "1.0.2"
  resolved "https://registry.yarnpkg.com/@mapbox/geojson-types/-/geojson-types-1.0.2.tgz#9aecf642cb00eab1080a57c4f949a65b4a5846d6"
  integrity sha512-e9EBqHHv3EORHrSfbR9DqecPNn+AmuAoQxV6aL8Xu30bJMJR1o8PZLZzpk1Wq7/NfCbuhmakHTPYRhoqLsXRnw==

"@mapbox/jsonlint-lines-primitives@^2.0.2":
  version "2.0.2"
  resolved "https://registry.yarnpkg.com/@mapbox/jsonlint-lines-primitives/-/jsonlint-lines-primitives-2.0.2.tgz#ce56e539f83552b58d10d672ea4d6fc9adc7b234"
  integrity sha1-zlblOfg1UrWNENZy6k1vya3HsjQ=

"@mapbox/mapbox-gl-supported@^1.5.0":
  version "1.5.0"
  resolved "https://registry.yarnpkg.com/@mapbox/mapbox-gl-supported/-/mapbox-gl-supported-1.5.0.tgz#f60b6a55a5d8e5ee908347d2ce4250b15103dc8e"
  integrity sha512-/PT1P6DNf7vjEEiPkVIRJkvibbqWtqnyGaBz3nfRdcxclNSnSdaLU5tfAgcD7I8Yt5i+L19s406YLl1koLnLbg==

"@mapbox/martini@^0.2.0":
  version "0.2.0"
  resolved "https://registry.yarnpkg.com/@mapbox/martini/-/martini-0.2.0.tgz#1af70211fbe994abf26e37f1388ca69c02cd43b4"
  integrity sha512-7hFhtkb0KTLEls+TRw/rWayq5EeHtTaErgm/NskVoXmtgAQu/9D299aeyj6mzAR/6XUnYRp2lU+4IcrYRFjVsQ==

"@mapbox/point-geometry@0.1.0", "@mapbox/point-geometry@^0.1.0", "@mapbox/point-geometry@~0.1.0":
  version "0.1.0"
  resolved "https://registry.yarnpkg.com/@mapbox/point-geometry/-/point-geometry-0.1.0.tgz#8a83f9335c7860effa2eeeca254332aa0aeed8f2"
  integrity sha1-ioP5M1x4YO/6Lu7KJUMyqgru2PI=

"@mapbox/tiny-sdf@^1.1.0", "@mapbox/tiny-sdf@^1.1.1":
  version "1.1.1"
  resolved "https://registry.yarnpkg.com/@mapbox/tiny-sdf/-/tiny-sdf-1.1.1.tgz#16a20c470741bfe9191deb336f46e194da4a91ff"
  integrity sha512-Ihn1nZcGIswJ5XGbgFAvVumOgWpvIjBX9jiRlIl46uQG9vJOF51ViBYHF95rEZupuyQbEmhLaDPLQlU7fUTsBg==

"@mapbox/unitbezier@^0.0.0":
  version "0.0.0"
  resolved "https://registry.yarnpkg.com/@mapbox/unitbezier/-/unitbezier-0.0.0.tgz#15651bd553a67b8581fb398810c98ad86a34524e"
  integrity sha1-FWUb1VOme4WB+zmIEMmK2Go0Uk4=

"@mapbox/vector-tile@^1.3.1":
  version "1.3.1"
  resolved "https://registry.yarnpkg.com/@mapbox/vector-tile/-/vector-tile-1.3.1.tgz#d3a74c90402d06e89ec66de49ec817ff53409666"
  integrity sha512-MCEddb8u44/xfQ3oD+Srl/tNcQoqTw3goGk2oLsrFxOTc3dUp+kAnby3PvAeeBYSMSjSPD1nd1AJA6W49WnoUw==
  dependencies:
    "@mapbox/point-geometry" "~0.1.0"

"@mapbox/whoots-js@^3.1.0":
  version "3.1.0"
  resolved "https://registry.yarnpkg.com/@mapbox/whoots-js/-/whoots-js-3.1.0.tgz#497c67a1cef50d1a2459ba60f315e448d2ad87fe"
  integrity sha512-Es6WcD0nO5l+2BOQS4uLfNPYQaNDfbot3X1XUoloz+x0mPDS3eeORZJl06HXjwBG1fOGwCRnzK88LMdxKRrd6Q==

"@math.gl/core@3.3.2", "@math.gl/core@^3.3.0":
  version "3.3.2"
  resolved "https://registry.yarnpkg.com/@math.gl/core/-/core-3.3.2.tgz#5ab38984c61a49e6c38671253f5b90b8a3ab784e"
  integrity sha512-W0QoVrdjiLs52ivtozrHbCitqWGNsWi4TwdfBckhOaeB5cE/R/pyOXfvLmdwGj2b1TLSg8SwgZLlmkWG776GKw==
  dependencies:
    "@babel/runtime" "^7.0.0"
    gl-matrix "^3.0.0"

"@math.gl/culling@^3.3.0":
  version "3.3.2"
  resolved "https://registry.yarnpkg.com/@math.gl/culling/-/culling-3.3.2.tgz#3ae4e7cf6726b400652c862ea300c04015be28d9"
  integrity sha512-tzfEMoFOc9Ee0gf3AyflMS4YxJGcKMqZAv17GRwCqb2q752v1NLIeC8JiCnlS31kLWsN9X/1xQQiDmhrnq451g==
  dependencies:
    "@babel/runtime" "^7.0.0"
    "@math.gl/core" "3.3.2"
    gl-matrix "^3.0.0"

"@math.gl/geospatial@^3.3.0":
  version "3.3.2"
  resolved "https://registry.yarnpkg.com/@math.gl/geospatial/-/geospatial-3.3.2.tgz#1a48aa5c833b639a63eb0823bb370bf7d4bfbd2a"
  integrity sha512-Drz8XK/VYiG9nj05daUHYSOrMSav2qSEROQNgt5egqouFDTWAIPooraJln+FB2F4wwA9oypFaH7jUH11X/CjEg==
  dependencies:
    "@babel/runtime" "^7.0.0"
    "@math.gl/core" "3.3.2"
    gl-matrix "^3.0.0"

"@math.gl/polygon@^3.3.0":
  version "3.3.2"
  resolved "https://registry.yarnpkg.com/@math.gl/polygon/-/polygon-3.3.2.tgz#edec0f28a7112be191a7654057c4ee18c5a4fb28"
  integrity sha512-pxiXv9FRwrwvpwvlLOtL2OhAGoac6u+1BPsd3W9YolNRN1CaxflaSZbEGU2CSaanb2GtUH15XWeDYi9hTjIgow==
  dependencies:
    "@math.gl/core" "3.3.2"

"@math.gl/web-mercator@^3.1.3", "@math.gl/web-mercator@^3.3.0":
  version "3.3.2"
  resolved "https://registry.yarnpkg.com/@math.gl/web-mercator/-/web-mercator-3.3.2.tgz#e85e4efab8c74edd549f20121ba680b0f466e9cd"
  integrity sha512-84NNnwP97Xwm1ynZzat1BuEU2uLyIw0gzG5uvGMrAzezny2P38+E2cUK8t9eptKa8gjk2MaC7hhcO0saFCZTHw==
  dependencies:
    "@babel/runtime" "^7.0.0"
    gl-matrix "^3.0.0"

"@probe.gl/stats@3.3.0", "@probe.gl/stats@^3.3.0":
  version "3.3.0"
  resolved "https://registry.yarnpkg.com/@probe.gl/stats/-/stats-3.3.0.tgz#66f684ead7cee1f2aad5ee5e9d297e84e08c5536"
  integrity sha512-CV4c3EgallqZTO88u34/u9L5asL0nCVP1BEkb4qcXlh8Qz2Vmygbyjz1ViQsct6rSi2lJ52lo6W0PnlpZJJvcA==
  dependencies:
    "@babel/runtime" "^7.0.0"

"@types/hoist-non-react-statics@^3.3.0":
  version "3.3.1"
  resolved "https://registry.yarnpkg.com/@types/hoist-non-react-statics/-/hoist-non-react-statics-3.3.1.tgz#1124aafe5118cb591977aeb1ceaaed1070eb039f"
  integrity sha512-iMIqiko6ooLrTh1joXodJK5X9xeEALT1kM5G3ZLhD3hszxBdIEd5C75U834D9mLcINgD4OyZf5uQXjkuYydWvA==
  dependencies:
    "@types/react" "*"
    hoist-non-react-statics "^3.3.0"

"@types/prop-types@*":
  version "15.7.3"
  resolved "https://registry.yarnpkg.com/@types/prop-types/-/prop-types-15.7.3.tgz#2ab0d5da2e5815f94b0b9d4b95d1e5f243ab2ca7"
  integrity sha512-KfRL3PuHmqQLOG+2tGpRO26Ctg+Cq1E01D2DMriKEATHgWLfeNDmq9e29Q9WIky0dQ3NPkd1mzYH8Lm936Z9qw==

"@types/react-redux@^7.1.12":
  version "7.1.12"
  resolved "https://registry.yarnpkg.com/@types/react-redux/-/react-redux-7.1.12.tgz#148f2c768687346b556e29a322ca44cfa28cc3ac"
  integrity sha512-xZj4/8oRZP5RlJPlC5XPnawPtMn+T2bV4Hxi38AcuoZzXlN/Il/ZPfgXuIq3WG37wVL6FP7suVfmE4BopuqtTg==
  dependencies:
    "@types/hoist-non-react-statics" "^3.3.0"
    "@types/react" "*"
    hoist-non-react-statics "^3.3.0"
    redux "^4.0.0"

"@types/react@*":
  version "17.0.0"
  resolved "https://registry.yarnpkg.com/@types/react/-/react-17.0.0.tgz#5af3eb7fad2807092f0046a1302b7823e27919b8"
  integrity sha512-aj/L7RIMsRlWML3YB6KZiXB3fV2t41+5RBGYF8z+tAKU43Px8C3cYUZsDvf1/+Bm4FK21QWBrDutu8ZJ/70qOw==
  dependencies:
    "@types/prop-types" "*"
    csstype "^3.0.2"

buffer-from@^1.0.0:
  version "1.1.1"
  resolved "https://registry.yarnpkg.com/buffer-from/-/buffer-from-1.1.1.tgz#32713bc028f75c02fdb710d7c7bcec1f2c6070ef"
  integrity sha512-MQcXEUbCKtEo7bhqEs6560Hyd4XaovZlO/k9V3hjVUF/zwW7KBVdSK4gIt/bzwS9MbR5qob+F5jusZsb0YQK2A==

camel-case@^3.0.0:
  version "3.0.0"
  resolved "https://registry.yarnpkg.com/camel-case/-/camel-case-3.0.0.tgz#ca3c3688a4e9cf3a4cda777dc4dcbc713249cf73"
  integrity sha1-yjw2iKTpzzpM2nd9xNy8cTJJz3M=
  dependencies:
    no-case "^2.2.0"
    upper-case "^1.1.1"

commander@2:
  version "2.20.3"
  resolved "https://registry.yarnpkg.com/commander/-/commander-2.20.3.tgz#fd485e84c03eb4881c20722ba48035e8531aeb33"
  integrity sha512-GpVkmM8vF2vQUkj2LvZmD35JxeJOLCwJ9cUkugyk2nuhbv3+mJvpLYYt+0+USMxE+oj+ey/lJEnhZw75x/OMcQ==

concat-stream@~2.0.0:
  version "2.0.0"
  resolved "https://registry.yarnpkg.com/concat-stream/-/concat-stream-2.0.0.tgz#414cf5af790a48c60ab9be4527d56d5e41133cb1"
  integrity sha512-MWufYdFw53ccGjCA+Ol7XJYpAlW6/prSMzuPOTRnJGcGzuhLn4Scrz7qf6o8bROZ514ltazcIFJZevcfbo0x7A==
  dependencies:
    buffer-from "^1.0.0"
    inherits "^2.0.3"
    readable-stream "^3.0.2"
    typedarray "^0.0.6"

csscolorparser@~1.0.3:
  version "1.0.3"
  resolved "https://registry.yarnpkg.com/csscolorparser/-/csscolorparser-1.0.3.tgz#b34f391eea4da8f3e98231e2ccd8df9c041f171b"
  integrity sha1-s085HupNqPPpgjHizNjfnAQfFxs=

csstype@^3.0.2:
  version "3.0.5"
  resolved "https://registry.yarnpkg.com/csstype/-/csstype-3.0.5.tgz#7fdec6a28a67ae18647c51668a9ff95bb2fa7bb8"
  integrity sha512-uVDi8LpBUKQj6sdxNaTetL6FpeCqTjOvAQuQUa/qAqq8oOd4ivkbhgnqayl0dnPal8Tb/yB1tF+gOvCBiicaiQ==

d3-dsv@^1.0.8:
  version "1.2.0"
  resolved "https://registry.yarnpkg.com/d3-dsv/-/d3-dsv-1.2.0.tgz#9d5f75c3a5f8abd611f74d3f5847b0d4338b885c"
  integrity sha512-9yVlqvZcSOMhCYzniHE7EVUws7Fa1zgw+/EAV2BxJoG3ME19V6BQFBwI855XQDsxyOuG7NibqRMTtiF/Qup46g==
  dependencies:
    commander "2"
    iconv-lite "0.4"
    rw "1"

d3-hexbin@^0.2.1:
  version "0.2.2"
  resolved "https://registry.yarnpkg.com/d3-hexbin/-/d3-hexbin-0.2.2.tgz#9c5837dacfd471ab05337a9e91ef10bfc4f98831"
  integrity sha1-nFg32s/UcasFM3qeke8Qv8T5iDE=

deck.gl@^8.3.6:
  version "8.3.11"
  resolved "https://registry.yarnpkg.com/deck.gl/-/deck.gl-8.3.11.tgz#f9ec06fbcacb14c2c202e6e911f8ba8159f1fdb6"
  integrity sha512-x5/L9lH5rr8zzx9EKtwI69rOeifI0X/5jnnb1qIig7JUX8GVYdH+JZi/RIu6L3YlBaJ0KrehycSn3tubb8h3tg==
  dependencies:
    "@deck.gl/aggregation-layers" "8.3.11"
    "@deck.gl/carto" "8.3.11"
    "@deck.gl/core" "8.3.11"
    "@deck.gl/extensions" "8.3.11"
    "@deck.gl/geo-layers" "8.3.11"
    "@deck.gl/google-maps" "8.3.11"
    "@deck.gl/json" "8.3.11"
    "@deck.gl/layers" "8.3.11"
    "@deck.gl/mapbox" "8.3.11"
    "@deck.gl/mesh-layers" "8.3.11"
    "@deck.gl/react" "8.3.11"

draco3d@^1.3.6:
  version "1.4.1"
  resolved "https://registry.yarnpkg.com/draco3d/-/draco3d-1.4.1.tgz#2abdcf7b59caaac50f7e189aec454176c57146b2"
  integrity sha512-9Rxonc70xiovBC+Bq1h57SNZIHzWTibU1VfIGp5z3Xx8dPtv4yT5uGhiH7P5uvJRR2jkrvHafRxR7bTANkvfpg==

earcut@^2.0.6, earcut@^2.2.2:
  version "2.2.2"
  resolved "https://registry.yarnpkg.com/earcut/-/earcut-2.2.2.tgz#41b0bc35f63e0fe80da7cddff28511e7e2e80d11"
  integrity sha512-eZoZPPJcUHnfRZ0PjLvx2qBordSiO8ofC3vt+qACLM95u+4DovnbYNpQtJh0DNsWj8RnxrQytD4WA8gj5cRIaQ==

expression-eval@^2.0.0:
  version "2.1.0"
  resolved "https://registry.yarnpkg.com/expression-eval/-/expression-eval-2.1.0.tgz#422915caa46140a7c5b5f248650dea8bf8236e62"
  integrity sha512-FUJO/Akvl/JOWkvlqZaqbkhsEWlCJWDeZG4tzX96UH68D9FeRgYgtb55C2qtqbORC0Q6x5419EDjWu4IT9kQfg==
  dependencies:
    jsep "^0.3.0"

geojson-vt@^3.2.1:
  version "3.2.1"
  resolved "https://registry.yarnpkg.com/geojson-vt/-/geojson-vt-3.2.1.tgz#f8adb614d2c1d3f6ee7c4265cad4bbf3ad60c8b7"
  integrity sha512-EvGQQi/zPrDA6zr6BnJD/YhwAkBP8nnJ9emh3EnHQKVMfg/MRVtPbMYdgVy/IaEmn4UfagD2a6fafPDL5hbtwg==

gl-matrix@^3.0.0, gl-matrix@^3.2.1, gl-matrix@^3.3.0:
  version "3.3.0"
  resolved "https://registry.yarnpkg.com/gl-matrix/-/gl-matrix-3.3.0.tgz#232eef60b1c8b30a28cbbe75b2caf6c48fd6358b"
  integrity sha512-COb7LDz+SXaHtl/h4LeaFcNdJdAQSDeVqjiIihSXNrkWObZLhDI4hIkZC11Aeqp7bcE72clzB0BnDXr2SmslRA==

grid-index@^1.1.0:
  version "1.1.0"
  resolved "https://registry.yarnpkg.com/grid-index/-/grid-index-1.1.0.tgz#97f8221edec1026c8377b86446a7c71e79522ea7"
  integrity sha512-HZRwumpOGUrHyxO5bqKZL0B0GlUpwtCAzZ42sgxUPniu33R1LSFH5yrIcBCHjkctCAh3mtWKcKd9J4vDDdeVHA==

h3-js@^3.6.0:
  version "3.7.0"
  resolved "https://registry.yarnpkg.com/h3-js/-/h3-js-3.7.0.tgz#f0ff5563ae04ce448cbe6b8573d9796a6c97f5ad"
  integrity sha512-EcH/qGU4khZsAEG39Uu8MvaCing0JFcuoe3K4Xmg5MofDIu1cNJl7z2AQS8ggvXGxboiLJqsGirhEqFKdd2gAA==

hammerjs@^2.0.8:
  version "2.0.8"
  resolved "https://registry.yarnpkg.com/hammerjs/-/hammerjs-2.0.8.tgz#04ef77862cff2bb79d30f7692095930222bf60f1"
  integrity sha1-BO93hiz/K7edMPdpIJWTAiK/YPE=

harmoware-vis@^1.6.33:
  version "1.6.33"
  resolved "https://registry.yarnpkg.com/harmoware-vis/-/harmoware-vis-1.6.33.tgz#90ac4466707831f6a46189112a559e3374f803d3"
  integrity sha512-wu+2GV8gixxKUvzZ3Xv1DTqS/myM4+ffHNK9cKRNSa6acSr7KuMrj6raEPiS3MKXd5GRoVe/XgENhBH7gHxKSQ==
  dependencies:
    "@luma.gl/core" "^8.3.1"
    deck.gl "^8.3.6"
    gl-matrix "^3.3.0"
    mapbox-gl "^1.12.0"
    react-icons-kit "^1.3.1"
    react-map-gl "^5.2.10"
    typescript-fsa "^3.0.0"
    typescript-fsa-reducers "^1.2.2"

hoist-non-react-statics@^3.3.0, hoist-non-react-statics@^3.3.2:
  version "3.3.2"
  resolved "https://registry.yarnpkg.com/hoist-non-react-statics/-/hoist-non-react-statics-3.3.2.tgz#ece0acaf71d62c2969c2ec59feff42a4b1a85b45"
  integrity sha512-/gGivxi8JPKWNm/W0jSmzcMPpfpPLc3dY/6GxhX2hQ9iGj3aDfklV4ET7NjKpSinLpJ5vafa9iiGIEZg10SfBw==
  dependencies:
    react-is "^16.7.0"

iconv-lite@0.4:
  version "0.4.24"
  resolved "https://registry.yarnpkg.com/iconv-lite/-/iconv-lite-0.4.24.tgz#2022b4b25fbddc21d2f524974a474aafe733908b"
  integrity sha512-v3MXnZAcvnywkTUEZomIActle7RXXeedOR31wwl7VlyoXO4Qi9arvSenNQWne1TcRwhCL1HwLI21bEqdpj8/rA==
  dependencies:
    safer-buffer ">= 2.1.2 < 3"

ieee754@^1.1.12:
  version "1.2.1"
  resolved "https://registry.yarnpkg.com/ieee754/-/ieee754-1.2.1.tgz#8eb7a10a63fff25d15a57b001586d177d1b0d352"
  integrity sha512-dcyqhDvX1C46lXZcVqCpK+FtMRQVdIMN6/Df5js2zouUsqG7I6sFxitIC+7KYK29KdXOLHdu9zL4sFnoVQnqaA==

inherits@^2.0.3:
  version "2.0.4"
  resolved "https://registry.yarnpkg.com/inherits/-/inherits-2.0.4.tgz#0fa2c64f932917c3433a0ded55363aae37416b7c"
  integrity sha512-k/vGaX4/Yla3WzyMCvTQOXYeIHvqOKtnqBduzTHpzpQZzAskKMhZ2K+EnBiSM9zGSoIFeMpXKxa4dYeZIQqewQ==

"js-tokens@^3.0.0 || ^4.0.0":
  version "4.0.0"
  resolved "https://registry.yarnpkg.com/js-tokens/-/js-tokens-4.0.0.tgz#19203fb59991df98e3a287050d4647cdeaf32499"
  integrity sha512-RdJUflcE3cUzKiMqQgsCu06FPu9UdIJO0beYbPhHN4k6apgJtifcoCtT9bcxOpYBtpD2kCM6Sbzg4CausW/PKQ==

jsep@^0.3.0:
  version "0.3.5"
  resolved "https://registry.yarnpkg.com/jsep/-/jsep-0.3.5.tgz#3fd79ebd92f6f434e4857d5272aaeef7d948264d"
  integrity sha512-AoRLBDc6JNnKjNcmonituEABS5bcfqDhQAWWXNTFrqu6nVXBpBAGfcoTGZMFlIrh9FjmE1CQyX9CTNwZrXMMDA==

kdbush@^3.0.0:
  version "3.0.0"
  resolved "https://registry.yarnpkg.com/kdbush/-/kdbush-3.0.0.tgz#f8484794d47004cc2d85ed3a79353dbe0abc2bf0"
  integrity sha512-hRkd6/XW4HTsA9vjVpY9tuXJYLSlelnkTmVFu4M9/7MIYQtFcHpbugAU7UbOfjOiVSVYl2fqgBuJ32JUmRo5Ew==

long@^3.2.0:
  version "3.2.0"
  resolved "https://registry.yarnpkg.com/long/-/long-3.2.0.tgz#d821b7138ca1cb581c172990ef14db200b5c474b"
  integrity sha1-2CG3E4yhy1gcFymQ7xTbIAtcR0s=

loose-envify@^1.4.0:
  version "1.4.0"
  resolved "https://registry.yarnpkg.com/loose-envify/-/loose-envify-1.4.0.tgz#71ee51fa7be4caec1a63839f7e682d8132d30caf"
  integrity sha512-lyuxPGr/Wfhrlem2CL/UcnUc1zcqKAImBDzukY7Y5F/yQiNdko6+fRLevlw1HgMySw7f611UIY408EtxRSoK3Q==
  dependencies:
    js-tokens "^3.0.0 || ^4.0.0"

lower-case@^1.1.1:
  version "1.1.4"
  resolved "https://registry.yarnpkg.com/lower-case/-/lower-case-1.1.4.tgz#9a2cabd1b9e8e0ae993a4bf7d5875c39c42e8eac"
  integrity sha1-miyr0bno4K6ZOkv31YdcOcQujqw=

mapbox-gl@^1.0.0, mapbox-gl@^1.12.0:
  version "1.13.0"
  resolved "https://registry.yarnpkg.com/mapbox-gl/-/mapbox-gl-1.13.0.tgz#23b339ba5116b7e3b5a2043ea968f7fcb53e34a6"
  integrity sha512-g8zlzuJxYJqbOPXT19/UBYpVrcefBQ06F/Cbj0fyEfFnFesDcU3cFTxd75/FZ6Upx2ZEjCsD61CHxrcxZidVpA==
  dependencies:
    "@mapbox/geojson-rewind" "^0.5.0"
    "@mapbox/geojson-types" "^1.0.2"
    "@mapbox/jsonlint-lines-primitives" "^2.0.2"
    "@mapbox/mapbox-gl-supported" "^1.5.0"
    "@mapbox/point-geometry" "^0.1.0"
    "@mapbox/tiny-sdf" "^1.1.1"
    "@mapbox/unitbezier" "^0.0.0"
    "@mapbox/vector-tile" "^1.3.1"
    "@mapbox/whoots-js" "^3.1.0"
    csscolorparser "~1.0.3"
    earcut "^2.2.2"
    geojson-vt "^3.2.1"
    gl-matrix "^3.2.1"
    grid-index "^1.1.0"
    minimist "^1.2.5"
    murmurhash-js "^1.0.0"
    pbf "^3.2.1"
    potpack "^1.0.1"
    quickselect "^2.0.0"
    rw "^1.3.3"
    supercluster "^7.1.0"
    tinyqueue "^2.0.3"
    vt-pbf "^3.1.1"

math.gl@^3.3.0:
  version "3.3.2"
  resolved "https://registry.yarnpkg.com/math.gl/-/math.gl-3.3.2.tgz#3fefd42e37337f3788985ffcd4c52ccd5c65fc07"
  integrity sha512-33CWhbeiQxl+lzpnKdKijH9mPdZRQUP9TlBILNh6xhnJdMD9D+Kle6Xhfb8dMllE1UUQcPZlQ8/Sd1qSVtNsKQ==
  dependencies:
    "@math.gl/core" "3.3.2"

minimist@^1.2.5:
  version "1.2.5"
  resolved "https://registry.yarnpkg.com/minimist/-/minimist-1.2.5.tgz#67d66014b66a6a8aaa0c083c5fd58df4e4e97602"
  integrity sha512-FM9nNUYrRBAELZQT3xeZQ7fmMOBg6nWNmJKTcgsJeaLstP/UODVpGsr5OhXhhXg6f+qtJ8uiZ+PUxkDWcgIXLw==

mjolnir.js@^2.3.0, mjolnir.js@^2.4.0:
  version "2.5.0"
  resolved "https://registry.yarnpkg.com/mjolnir.js/-/mjolnir.js-2.5.0.tgz#5918b74625d9682002da82e01d6ffb0b16b02b0e"
  integrity sha512-YkVoyKs7qm9xvAgRgjx3Md/7eYqmq7VXOgTKQNnmuzcBJzMebjdIWa7FdTd0RZBrw3UL6V6TTktsxJwBMLXUNA==
  dependencies:
    "@babel/runtime" "^7.0.0"
    hammerjs "^2.0.8"

murmurhash-js@^1.0.0:
  version "1.0.0"
  resolved "https://registry.yarnpkg.com/murmurhash-js/-/murmurhash-js-1.0.0.tgz#b06278e21fc6c37fa5313732b0412bcb6ae15f51"
  integrity sha1-sGJ44h/Gw3+lMTcysEEry2rhX1E=

no-case@^2.2.0:
  version "2.3.2"
  resolved "https://registry.yarnpkg.com/no-case/-/no-case-2.3.2.tgz#60b813396be39b3f1288a4c1ed5d1e7d28b464ac"
  integrity sha512-rmTZ9kz+f3rCvK2TD1Ue/oZlns7OGoIWP4fc3llxxRXlOkHKoWPPWJOfFYpITabSow43QJbRIoHQXtt10VldyQ==
  dependencies:
    lower-case "^1.1.1"

object-assign@^4.1.1:
  version "4.1.1"
  resolved "https://registry.yarnpkg.com/object-assign/-/object-assign-4.1.1.tgz#2109adc7965887cfc05cbbd442cac8bfbb360863"
  integrity sha1-IQmtx5ZYh8/AXLvUQsrIv7s2CGM=

pbf@^3.0.5, pbf@^3.2.1:
  version "3.2.1"
  resolved "https://registry.yarnpkg.com/pbf/-/pbf-3.2.1.tgz#b4c1b9e72af966cd82c6531691115cc0409ffe2a"
  integrity sha512-ClrV7pNOn7rtmoQVF4TS1vyU0WhYRnP92fzbfF75jAIwpnzdJXf8iTd4CMEqO4yUenH6NDqLiwjqlh6QgZzgLQ==
  dependencies:
    ieee754 "^1.1.12"
    resolve-protobuf-schema "^2.1.0"

potpack@^1.0.1:
  version "1.0.1"
  resolved "https://registry.yarnpkg.com/potpack/-/potpack-1.0.1.tgz#d1b1afd89e4c8f7762865ec30bd112ab767e2ebf"
  integrity sha512-15vItUAbViaYrmaB/Pbw7z6qX2xENbFSTA7Ii4tgbPtasxm5v6ryKhKtL91tpWovDJzTiZqdwzhcFBCwiMVdVw==

probe.gl@^3.2.1:
  version "3.3.0"
  resolved "https://registry.yarnpkg.com/probe.gl/-/probe.gl-3.3.0.tgz#a64e2f007d36a6262b12f3b1e99ca5dc3762b3c3"
  integrity sha512-59E6AEw4N8sU4PKfAl7S2UBYJCOa064WpEFcXfeFOB/36FJtplYY+261DqLjLAvOqRRHiKVEQUBo63PQ3jKeWA==
  dependencies:
    "@babel/runtime" "^7.0.0"
    "@probe.gl/stats" "3.3.0"

prop-types@^15.5.8, prop-types@^15.6.0, prop-types@^15.7.2:
  version "15.7.2"
  resolved "https://registry.yarnpkg.com/prop-types/-/prop-types-15.7.2.tgz#52c41e75b8c87e72b9d9360e0206b99dcbffa6c5"
  integrity sha512-8QQikdH7//R2vurIJSutZ1smHYTcLpRWEOlHnzcWHmBYrOGUysKwSsrC89BCiFj3CbrfJ/nXFdJepOVrY1GCHQ==
  dependencies:
    loose-envify "^1.4.0"
    object-assign "^4.1.1"
    react-is "^16.8.1"

protocol-buffers-schema@^3.3.1:
  version "3.4.0"
  resolved "https://registry.yarnpkg.com/protocol-buffers-schema/-/protocol-buffers-schema-3.4.0.tgz#2f0ea31ca96627d680bf2fefae7ebfa2b6453eae"
  integrity sha512-G/2kcamPF2S49W5yaMGdIpkG6+5wZF0fzBteLKgEHjbNzqjZQ85aAs1iJGto31EJaSTkNvHs5IXuHSaTLWBAiA==

quickselect@^2.0.0:
  version "2.0.0"
  resolved "https://registry.yarnpkg.com/quickselect/-/quickselect-2.0.0.tgz#f19680a486a5eefb581303e023e98faaf25dd018"
  integrity sha512-RKJ22hX8mHe3Y6wH/N3wCM6BWtjaxIyyUIkpHOvfFnxdI4yD4tBXEBKSbriGujF6jnSVkJrffuo6vxACiSSxIw==

react-icons-kit@^1.3.1:
  version "1.3.1"
  resolved "https://registry.yarnpkg.com/react-icons-kit/-/react-icons-kit-1.3.1.tgz#fbe56ce4379fc4391b4c6dfc1aa96e2b31e23623"
  integrity sha512-9Xy81M+Vgt5DO9qAL0jIazNmjelcKWn+uNvChDAMYvawm4yaIecr5I8i/jDEEHgQcEqHpB848AitvRKKNAoljA==
  dependencies:
    camel-case "^3.0.0"
    prop-types "^15.5.8"

react-is@^16.13.1, react-is@^16.7.0, react-is@^16.8.1:
  version "16.13.1"
  resolved "https://registry.yarnpkg.com/react-is/-/react-is-16.13.1.tgz#789729a4dc36de2999dc156dd6c1d9c18cea56a4"
  integrity sha512-24e6ynE2H+OKt4kqsOvNd8kBpV65zoxbA4BVsEOB3ARVWQki/DHzaUoC5KuON/BiccDaCCTZBuOcfZs70kR8bQ==

react-map-gl@^5.2.10:
  version "5.2.11"
  resolved "https://registry.yarnpkg.com/react-map-gl/-/react-map-gl-5.2.11.tgz#d961c5a018a549e062b1541455c8cc2f345eb6d0"
  integrity sha512-Ux2Ss7+yh5IBkkPgvA9axbUi3WLaB5jEZdIbs2VUffBOyouWtdu6JFM0EV1PRk/ZRdDy5RzlkwNkP/jCsFCkGQ==
  dependencies:
    "@babel/runtime" "^7.0.0"
    mapbox-gl "^1.0.0"
    mjolnir.js "^2.4.0"
    prop-types "^15.7.2"
    react-virtualized-auto-sizer "^1.0.2"
    viewport-mercator-project "^6.2.3 || ^7.0.1"

react-redux@^7.2.2:
  version "7.2.2"
  resolved "https://registry.yarnpkg.com/react-redux/-/react-redux-7.2.2.tgz#03862e803a30b6b9ef8582dadcc810947f74b736"
  integrity sha512-8+CQ1EvIVFkYL/vu6Olo7JFLWop1qRUeb46sGtIMDCSpgwPQq8fPLpirIB0iTqFe9XYEFPHssdX8/UwN6pAkEA==
  dependencies:
    "@babel/runtime" "^7.12.1"
    hoist-non-react-statics "^3.3.2"
    loose-envify "^1.4.0"
    prop-types "^15.7.2"
    react-is "^16.13.1"

react-virtualized-auto-sizer@^1.0.2:
  version "1.0.2"
  resolved "https://registry.yarnpkg.com/react-virtualized-auto-sizer/-/react-virtualized-auto-sizer-1.0.2.tgz#a61dd4f756458bbf63bd895a92379f9b70f803bd"
  integrity sha512-MYXhTY1BZpdJFjUovvYHVBmkq79szK/k7V3MO+36gJkWGkrXKtyr4vCPtpphaTLRAdDNoYEYFZWE8LjN+PIHNg==

readable-stream@^3.0.2:
  version "3.6.0"
  resolved "https://registry.yarnpkg.com/readable-stream/-/readable-stream-3.6.0.tgz#337bbda3adc0706bd3e024426a286d4b4b2c9198"
  integrity sha512-BViHy7LKeTz4oNnkcLJ+lVSL6vpiFeX6/d3oSH8zCW7UxP2onchk+vTGB143xuFjHS3deTgkKoXXymXqymiIdA==
  dependencies:
    inherits "^2.0.3"
    string_decoder "^1.1.1"
    util-deprecate "^1.0.1"

redux@^4.0.0, redux@^4.0.5:
  version "4.0.5"
  resolved "https://registry.yarnpkg.com/redux/-/redux-4.0.5.tgz#4db5de5816e17891de8a80c424232d06f051d93f"
  integrity sha512-VSz1uMAH24DM6MF72vcojpYPtrTUu3ByVWfPL1nPfVRb5mZVTve5GnNCUV53QM/BZ66xfWrm0CTWoM+Xlz8V1w==
  dependencies:
    loose-envify "^1.4.0"
    symbol-observable "^1.2.0"

regenerator-runtime@^0.13.4:
  version "0.13.7"
  resolved "https://registry.yarnpkg.com/regenerator-runtime/-/regenerator-runtime-0.13.7.tgz#cac2dacc8a1ea675feaabaeb8ae833898ae46f55"
  integrity sha512-a54FxoJDIr27pgf7IgeQGxmqUNYrcV338lf/6gH456HZ/PhX+5BcwHXG9ajESmwe6WRO0tAzRUrRmNONWgkrew==

resolve-protobuf-schema@^2.1.0:
  version "2.1.0"
  resolved "https://registry.yarnpkg.com/resolve-protobuf-schema/-/resolve-protobuf-schema-2.1.0.tgz#9ca9a9e69cf192bbdaf1006ec1973948aa4a3758"
  integrity sha512-kI5ffTiZWmJaS/huM8wZfEMer1eRd7oJQhDuxeCLe3t7N7mX3z94CN0xPxBQxFYQTSNz9T0i+v6inKqSdK8xrQ==
  dependencies:
    protocol-buffers-schema "^3.3.1"

rw@1, rw@^1.3.3:
  version "1.3.3"
  resolved "https://registry.yarnpkg.com/rw/-/rw-1.3.3.tgz#3f862dfa91ab766b14885ef4d01124bfda074fb4"
  integrity sha1-P4Yt+pGrdmsUiF700BEkv9oHT7Q=

safe-buffer@~5.2.0:
  version "5.2.1"
  resolved "https://registry.yarnpkg.com/safe-buffer/-/safe-buffer-5.2.1.tgz#1eaf9fa9bdb1fdd4ec75f58f9cdb4e6b7827eec6"
  integrity sha512-rp3So07KcdmmKbGvgaNxQSJr7bGVSVk5S9Eq1F+ppbRo70+YeaDxkw5Dd8NPN+GD6bjnYm2VuPuCXmpuYvmCXQ==

"safer-buffer@>= 2.1.2 < 3":
  version "2.1.2"
  resolved "https://registry.yarnpkg.com/safer-buffer/-/safer-buffer-2.1.2.tgz#44fa161b0187b9549dd84bb91802f9bd8385cd6a"
  integrity sha512-YZo3K82SD7Riyi0E1EQPojLz7kpepnSQI9IyPbHHg1XXXevb5dJI7tpyN2ADxGcQbHG7vcyRHk0cbwqcQriUtg==

string_decoder@^1.1.1:
  version "1.3.0"
  resolved "https://registry.yarnpkg.com/string_decoder/-/string_decoder-1.3.0.tgz#42f114594a46cf1a8e30b0a84f56c78c3edac21e"
  integrity sha512-hkRX8U1WjJFd8LsDJ2yQ/wWWxaopEsABU1XfkM8A+j0+85JAGppt16cr1Whg6KIbb4okU6Mql6BOj+uup/wKeA==
  dependencies:
    safe-buffer "~5.2.0"

supercluster@^7.1.0:
  version "7.1.0"
  resolved "https://registry.yarnpkg.com/supercluster/-/supercluster-7.1.0.tgz#f0a457426ec0ab95d69c5f03b51e049774b94479"
  integrity sha512-LDasImUAFMhTqhK+cUXfy9C2KTUqJ3gucLjmNLNFmKWOnDUBxLFLH9oKuXOTCLveecmxh8fbk8kgh6Q0gsfe2w==
  dependencies:
    kdbush "^3.0.0"

symbol-observable@^1.2.0:
  version "1.2.0"
  resolved "https://registry.yarnpkg.com/symbol-observable/-/symbol-observable-1.2.0.tgz#c22688aed4eab3cdc2dfeacbb561660560a00804"
  integrity sha512-e900nM8RRtGhlV36KGEU9k65K3mPb1WV70OdjfxlG2EAuM1noi/E/BaW/uMhL7bPEssK8QV57vN3esixjUvcXQ==

tinyqueue@^2.0.3:
  version "2.0.3"
  resolved "https://registry.yarnpkg.com/tinyqueue/-/tinyqueue-2.0.3.tgz#64d8492ebf39e7801d7bd34062e29b45b2035f08"
  integrity sha512-ppJZNDuKGgxzkHihX8v9v9G5f+18gzaTfrukGrq6ueg0lmH4nqVnA2IPG0AEH3jKEk2GRJCUhDoqpoiw3PHLBA==

typedarray@^0.0.6:
  version "0.0.6"
  resolved "https://registry.yarnpkg.com/typedarray/-/typedarray-0.0.6.tgz#867ac74e3864187b1d3d47d996a78ec5c8830777"
  integrity sha1-hnrHTjhkGHsdPUfZlqeOxciDB3c=

typescript-fsa-reducers@^1.2.2:
  version "1.2.2"
  resolved "https://registry.yarnpkg.com/typescript-fsa-reducers/-/typescript-fsa-reducers-1.2.2.tgz#1e2c8e8a50ca3e09e0d6fdf2a3b42bdd17de8094"
  integrity sha512-IQ2VsIqUvmzVgWNDjxkeOxX97itl/rq+2u82jGsRdzCSFi9OtV4qf1Ec1urvj/eDlPHOaihIL7wMZzLYx9GvFg==

typescript-fsa@^3.0.0:
  version "3.0.0"
  resolved "https://registry.yarnpkg.com/typescript-fsa/-/typescript-fsa-3.0.0.tgz#3ad1cb915a67338e013fc21f67c9b3e0e110c912"
  integrity sha512-xiXAib35i0QHl/+wMobzPibjAH5TJLDj+qGq5jwVLG9qR4FUswZURBw2qihBm0m06tHoyb3FzpnJs1GRhRwVag==

upper-case@^1.1.1:
  version "1.1.3"
  resolved "https://registry.yarnpkg.com/upper-case/-/upper-case-1.1.3.tgz#f6b4501c2ec4cdd26ba78be7222961de77621598"
  integrity sha1-9rRQHC7EzdJrp4vnIilh3ndiFZg=

util-deprecate@^1.0.1:
  version "1.0.2"
  resolved "https://registry.yarnpkg.com/util-deprecate/-/util-deprecate-1.0.2.tgz#450d4dc9fa70de732762fbd2d4a28981419a0ccf"
  integrity sha1-RQ1Nyfpw3nMnYvvS1KKJgUGaDM8=

"viewport-mercator-project@^6.2.3 || ^7.0.1":
  version "7.0.1"
  resolved "https://registry.yarnpkg.com/viewport-mercator-project/-/viewport-mercator-project-7.0.1.tgz#9d7248072f2cbb122f93b63d2b346a5763b8d79a"
  integrity sha512-WKTuTL7o6WKdPQ+gmZhlXL7UpSdCdPUjxkDTBd/3AayBdAFSQGHxsqdbmPBvmoGwvo9KWo/30HTkNo/Z7ORJpw==
  dependencies:
    "@math.gl/web-mercator" "^3.1.3"

vt-pbf@^3.1.1:
  version "3.1.1"
  resolved "https://registry.yarnpkg.com/vt-pbf/-/vt-pbf-3.1.1.tgz#b0f627e39a10ce91d943b898ed2363d21899fb82"
  integrity sha512-pHjWdrIoxurpmTcbfBWXaPwSmtPAHS105253P1qyEfSTV2HJddqjM+kIHquaT/L6lVJIk9ltTGc0IxR/G47hYA==
  dependencies:
    "@mapbox/point-geometry" "0.1.0"
    "@mapbox/vector-tile" "^1.3.1"
    pbf "^3.0.5"
